
Microsoft Visual Studio Solution File, Format Version 12.00
# Visual Studio Version 17
VisualStudioVersion = 17.14.36203.30 d17.14
MinimumVisualStudioVersion = 10.0.40219.1
Project("{FAE04EC0-301F-11D3-BF4B-00C04F79EFBC}") = "PratikArray", "PratikArray\PratikArray.csproj", "{FA7B13B4-1941-4880-8FA1-491CB0C4D190}"
EndProject
Global
	GlobalSection(SolutionConfigurationPlatforms) = preSolution
		Debug|Any CPU = Debug|Any CPU
		Release|Any CPU = Release|Any CPU
	EndGlobalSection
	GlobalSection(ProjectConfigurationPlatforms) = postSolution
		{FA7B13B4-1941-4880-8FA1-491CB0C4D190}.Debug|Any CPU.ActiveCfg = Debug|Any CPU
		{FA7B13B4-1941-4880-8FA1-491CB0C4D190}.Debug|Any CPU.Build.0 = Debug|Any CPU
		{FA7B13B4-1941-4880-8FA1-491CB0C4D190}.Release|Any CPU.ActiveCfg = Release|Any CPU
		{FA7B13B4-1941-4880-8FA1-491CB0C4D190}.Release|Any CPU.Build.0 = Release|Any CPU
	EndGlobalSection
	GlobalSection(SolutionProperties) = preSolution
		HideSolutionNode = FALSE
	EndGlobalSection
	GlobalSection(ExtensibilityGlobals) = postSolution
		SolutionGuid = {7D661CBD-54BC-400C-B37D-5A36DAD59357}
	EndGlobalSection
EndGlobal
